
Microsoft Visual Studio Solution File, Format Version 12.00
# Visual Studio Version 17
VisualStudioVersion = 17.11.35312.102
MinimumVisualStudioVersion = 10.0.40219.1
Project("{9A19103F-16F7-4668-BE54-9A1E7A4F7556}") = "LearningC#", "Design\LearningC#.csproj", "{2AD40338-4072-4E05-BF35-651EEE43CD2C}"
EndProject
Global
	GlobalSection(SolutionConfigurationPlatforms) = preSolution
		Debug|Any CPU = Debug|Any CPU
		Release|Any CPU = Release|Any CPU
	EndGlobalSection
	GlobalSection(ProjectConfigurationPlatforms) = postSolution
		{2AD40338-4072-4E05-BF35-651EEE43CD2C}.Debug|Any CPU.ActiveCfg = Debug|Any CPU
		{2AD40338-4072-4E05-BF35-651EEE43CD2C}.Debug|Any CPU.Build.0 = Debug|Any CPU
		{2AD40338-4072-4E05-BF35-651EEE43CD2C}.Release|Any CPU.ActiveCfg = Release|Any CPU
		{2AD40338-4072-4E05-BF35-651EEE43CD2C}.Release|Any CPU.Build.0 = Release|Any CPU
	EndGlobalSection
	GlobalSection(SolutionProperties) = preSolution
		HideSolutionNode = FALSE
	EndGlobalSection
	GlobalSection(ExtensibilityGlobals) = postSolution
		SolutionGuid = {2A471E35-2D86-4473-8C8A-2DB4EBB28FB0}
	EndGlobalSection
EndGlobal
